# This file is automatically @generated by Cargo.
# It is not intended for manual editing.
version = 4

[[package]]
name = "booleanlab-core"
version = "0.1.0"

[[package]]
name = "booleanlab-discovery"
version = "0.1.0"
dependencies = [
 "booleanlab-core",
 "scirust-modalg",
 "scirust-simd",
]

[[package]]
name = "booleanlab-runner"
version = "0.1.0"
dependencies = [
 "booleanlab-core",
]

[[package]]
name = "libc"
version = "0.2.189"
source = "registry+https://github.com/rust-lang/crates.io-index"
checksum = "3eaf3ede3fee6db1a4c2ee091bf8a8b4dccdc6d17f656fb07896ee72867612f2"

[[package]]
name = "scirust-modalg"
version = "0.1.0"
source = "git+https://github.com/Memorithm/scirust?rev=7178bcfc6800e3277b9f16c3f03c70523b53e2c7#7178bcfc6800e3277b9f16c3f03c70523b53e2c7"

[[package]]
name = "scirust-simd"
version = "0.1.0"
source = "git+https://github.com/Memorithm/scirust?rev=7178bcfc6800e3277b9f16c3f03c70523b53e2c7#7178bcfc6800e3277b9f16c3f03c70523b53e2c7"
dependencies = [
 "libc",
]
